
Microsoft Visual Studio Solution File, Format Version 12.00
# Visual Studio 15
Project("{FAE04EC0-301F-11D3-BF4B-00C04F79EFBC}") = "CFXRDemo", "CFXRDemo.csproj", "{1ECA2EF7-DA08-82FF-32AE-CCDE9387965F}"
EndProject
Project("{FAE04EC0-301F-11D3-BF4B-00C04F79EFBC}") = "Assembly-CSharp", "Assembly-CSharp.csproj", "{1C5D68FC-D29B-9FA3-8B38-7561A4FC8CD8}"
EndProject
Project("{FAE04EC0-301F-11D3-BF4B-00C04F79EFBC}") = "CFXRRuntime", "CFXRRuntime.csproj", "{152F361E-C8F6-5F10-6428-AFE053655E28}"
EndProject
Project("{FAE04EC0-301F-11D3-BF4B-00C04F79EFBC}") = "KinoBloom.Runtime", "KinoBloom.Runtime.csproj", "{72ED317E-665E-7A38-8F88-37A462B83FFF}"
EndProject
Project("{FAE04EC0-301F-11D3-BF4B-00C04F79EFBC}") = "CFXREditor", "CFXREditor.csproj", "{0235FFC3-FDC0-2117-FE07-7A98783D079F}"
EndProject
Project("{FAE04EC0-301F-11D3-BF4B-00C04F79EFBC}") = "CFXR.WelcomeScreen", "CFXR.WelcomeScreen.csproj", "{9D333A0E-EA5D-FE7A-8DFE-E07167EB3C64}"
EndProject
Project("{FAE04EC0-301F-11D3-BF4B-00C04F79EFBC}") = "ToonyColorsPro.Demo.Editor", "ToonyColorsPro.Demo.Editor.csproj", "{B68CD388-366D-A69A-B063-225164EE6A0A}"
EndProject
Global
	GlobalSection(SolutionConfigurationPlatforms) = preSolution
		Debug|Any CPU = Debug|Any CPU
		Release|Any CPU = Release|Any CPU
	EndGlobalSection
	GlobalSection(ProjectConfigurationPlatforms) = postSolution
		{1ECA2EF7-DA08-82FF-32AE-CCDE9387965F}.Debug|Any CPU.ActiveCfg = Debug|Any CPU
		{1ECA2EF7-DA08-82FF-32AE-CCDE9387965F}.Debug|Any CPU.Build.0 = Debug|Any CPU
		{1ECA2EF7-DA08-82FF-32AE-CCDE9387965F}.Release|Any CPU.ActiveCfg = Release|Any CPU
		{1ECA2EF7-DA08-82FF-32AE-CCDE9387965F}.Release|Any CPU.Build.0 = Release|Any CPU
		{1C5D68FC-D29B-9FA3-8B38-7561A4FC8CD8}.Debug|Any CPU.ActiveCfg = Debug|Any CPU
		{1C5D68FC-D29B-9FA3-8B38-7561A4FC8CD8}.Debug|Any CPU.Build.0 = Debug|Any CPU
		{1C5D68FC-D29B-9FA3-8B38-7561A4FC8CD8}.Release|Any CPU.ActiveCfg = Release|Any CPU
		{1C5D68FC-D29B-9FA3-8B38-7561A4FC8CD8}.Release|Any CPU.Build.0 = Release|Any CPU
		{152F361E-C8F6-5F10-6428-AFE053655E28}.Debug|Any CPU.ActiveCfg = Debug|Any CPU
		{152F361E-C8F6-5F10-6428-AFE053655E28}.Debug|Any CPU.Build.0 = Debug|Any CPU
		{152F361E-C8F6-5F10-6428-AFE053655E28}.Release|Any CPU.ActiveCfg = Release|Any CPU
		{152F361E-C8F6-5F10-6428-AFE053655E28}.Release|Any CPU.Build.0 = Release|Any CPU
		{72ED317E-665E-7A38-8F88-37A462B83FFF}.Debug|Any CPU.ActiveCfg = Debug|Any CPU
		{72ED317E-665E-7A38-8F88-37A462B83FFF}.Debug|Any CPU.Build.0 = Debug|Any CPU
		{72ED317E-665E-7A38-8F88-37A462B83FFF}.Release|Any CPU.ActiveCfg = Release|Any CPU
		{72ED317E-665E-7A38-8F88-37A462B83FFF}.Release|Any CPU.Build.0 = Release|Any CPU
		{0235FFC3-FDC0-2117-FE07-7A98783D079F}.Debug|Any CPU.ActiveCfg = Debug|Any CPU
		{0235FFC3-FDC0-2117-FE07-7A98783D079F}.Debug|Any CPU.Build.0 = Debug|Any CPU
		{0235FFC3-FDC0-2117-FE07-7A98783D079F}.Release|Any CPU.ActiveCfg = Release|Any CPU
		{0235FFC3-FDC0-2117-FE07-7A98783D079F}.Release|Any CPU.Build.0 = Release|Any CPU
		{9D333A0E-EA5D-FE7A-8DFE-E07167EB3C64}.Debug|Any CPU.ActiveCfg = Debug|Any CPU
		{9D333A0E-EA5D-FE7A-8DFE-E07167EB3C64}.Debug|Any CPU.Build.0 = Debug|Any CPU
		{9D333A0E-EA5D-FE7A-8DFE-E07167EB3C64}.Release|Any CPU.ActiveCfg = Release|Any CPU
		{9D333A0E-EA5D-FE7A-8DFE-E07167EB3C64}.Release|Any CPU.Build.0 = Release|Any CPU
		{B68CD388-366D-A69A-B063-225164EE6A0A}.Debug|Any CPU.ActiveCfg = Debug|Any CPU
		{B68CD388-366D-A69A-B063-225164EE6A0A}.Debug|Any CPU.Build.0 = Debug|Any CPU
		{B68CD388-366D-A69A-B063-225164EE6A0A}.Release|Any CPU.ActiveCfg = Release|Any CPU
		{B68CD388-366D-A69A-B063-225164EE6A0A}.Release|Any CPU.Build.0 = Release|Any CPU
	EndGlobalSection
	GlobalSection(SolutionProperties) = preSolution
		HideSolutionNode = FALSE
	EndGlobalSection
EndGlobal
